
Microsoft Visual Studio Solution File, Format Version 12.00
Project("{FAE04EC0-301F-11D3-BF4B-00C04F79EFBC}") = "CafeManager", "CafeManager\CafeManager.csproj", "{9A67C273-836A-4649-85B0-2CEE40768992}"
EndProject
Project("{FAE04EC0-301F-11D3-BF4B-00C04F79EFBC}") = "CafeManager.Core", "CafeManager.Core\CafeManager.Core.csproj", "{71FF4ECB-0E4D-460A-9D5A-44B8CD7DE360}"
EndProject
Project("{FAE04EC0-301F-11D3-BF4B-00C04F79EFBC}") = "CafeManager.Application", "CafeManager.Application\CafeManager.Application.csproj", "{5EF2C5E6-742E-47F3-A650-4ED8A2AA3B7C}"
EndProject
Project("{FAE04EC0-301F-11D3-BF4B-00C04F79EFBC}") = "CafeManager.Infrastructure", "CafeManager.Infrastructure\CafeManager.Infrastructure.csproj", "{181BEE7D-C17B-4DF8-A810-4A5C1834E29E}"
EndProject
Global
	GlobalSection(SolutionConfigurationPlatforms) = preSolution
		Debug|Any CPU = Debug|Any CPU
		Release|Any CPU = Release|Any CPU
	EndGlobalSection
	GlobalSection(ProjectConfigurationPlatforms) = postSolution
		{9A67C273-836A-4649-85B0-2CEE40768992}.Debug|Any CPU.ActiveCfg = Debug|Any CPU
		{9A67C273-836A-4649-85B0-2CEE40768992}.Debug|Any CPU.Build.0 = Debug|Any CPU
		{9A67C273-836A-4649-85B0-2CEE40768992}.Release|Any CPU.ActiveCfg = Release|Any CPU
		{9A67C273-836A-4649-85B0-2CEE40768992}.Release|Any CPU.Build.0 = Release|Any CPU
		{71FF4ECB-0E4D-460A-9D5A-44B8CD7DE360}.Debug|Any CPU.ActiveCfg = Debug|Any CPU
		{71FF4ECB-0E4D-460A-9D5A-44B8CD7DE360}.Debug|Any CPU.Build.0 = Debug|Any CPU
		{71FF4ECB-0E4D-460A-9D5A-44B8CD7DE360}.Release|Any CPU.ActiveCfg = Release|Any CPU
		{71FF4ECB-0E4D-460A-9D5A-44B8CD7DE360}.Release|Any CPU.Build.0 = Release|Any CPU
		{5EF2C5E6-742E-47F3-A650-4ED8A2AA3B7C}.Debug|Any CPU.ActiveCfg = Debug|Any CPU
		{5EF2C5E6-742E-47F3-A650-4ED8A2AA3B7C}.Debug|Any CPU.Build.0 = Debug|Any CPU
		{5EF2C5E6-742E-47F3-A650-4ED8A2AA3B7C}.Release|Any CPU.ActiveCfg = Release|Any CPU
		{5EF2C5E6-742E-47F3-A650-4ED8A2AA3B7C}.Release|Any CPU.Build.0 = Release|Any CPU
		{181BEE7D-C17B-4DF8-A810-4A5C1834E29E}.Debug|Any CPU.ActiveCfg = Debug|Any CPU
		{181BEE7D-C17B-4DF8-A810-4A5C1834E29E}.Debug|Any CPU.Build.0 = Debug|Any CPU
		{181BEE7D-C17B-4DF8-A810-4A5C1834E29E}.Release|Any CPU.ActiveCfg = Release|Any CPU
		{181BEE7D-C17B-4DF8-A810-4A5C1834E29E}.Release|Any CPU.Build.0 = Release|Any CPU
	EndGlobalSection
EndGlobal
